// !$*UTF8*$!
{
	archiveVersion = 1;
	classes = {
	};
	objectVersion = 56;
	objects = {

/* Begin PBXBuildFile section */
		CE83F7852B8611E200FE2BC5 /* AppDelegate.swift in Sources */ = {isa = PBXBuildFile; fileRef = CE83F7842B8611E200FE2BC5 /* AppDelegate.swift */; };
		CE83F7892B8611E200FE2BC5 /* ARSCNViewController.swift in Sources */ = {isa = PBXBuildFile; fileRef = CE83F7882B8611E200FE2BC5 /* ARSCNViewController.swift */; };
		CE83F78C2B8611E200FE2BC5 /* Main.storyboard in Resources */ = {isa = PBXBuildFile; fileRef = CE83F78A2B8611E200FE2BC5 /* Main.storyboard */; };
		CE83F78E2B8611E400FE2BC5 /* Assets.xcassets in Resources */ = {isa = PBXBuildFile; fileRef = CE83F78D2B8611E400FE2BC5 /* Assets.xcassets */; };
		CE83F7912B8611E400FE2BC5 /* LaunchScreen.storyboard in Resources */ = {isa = PBXBuildFile; fileRef = CE83F78F2B8611E400FE2BC5 /* LaunchScreen.storyboard */; };
		CED055112B8B167300021D2C /* ARSCNViewModel.swift in Sources */ = {isa = PBXBuildFile; fileRef = CED055102B8B167300021D2C /* ARSCNViewModel.swift */; };
		CED055132B8B16C400021D2C /* DataModel.swift in Sources */ = {isa = PBXBuildFile; fileRef = CED055122B8B16C400021D2C /* DataModel.swift */; };
		CED0551B2B8B308600021D2C /* TileCollectionViewCell.swift in Sources */ = {isa = PBXBuildFile; fileRef = CED0551A2B8B308600021D2C /* TileCollectionViewCell.swift */; };
		CED0551F2B8B56A500021D2C /* ARCollectionList.swift in Sources */ = {isa = PBXBuildFile; fileRef = CED0551E2B8B56A500021D2C /* ARCollectionList.swift */; };
		FB49A6C52BB94A0000FDF60F /* butterfly.png in Resources */ = {isa = PBXBuildFile; fileRef = FB49A6C42BB94A0000FDF60F /* butterfly.png */; };
		FBA2BD6D2B949EAB00C1AC98 /* BaseARViewController.swift in Sources */ = {isa = PBXBuildFile; fileRef = FBA2BD6C2B949EAB00C1AC98 /* BaseARViewController.swift */; };
/* End PBXBuildFile section */

/* Begin PBXFileReference section */
		CE83F7812B8611E200FE2BC5 /* MidigiTransAR.app */ = {isa = PBXFileReference; explicitFileType = wrapper.application; includeInIndex = 0; path = MidigiTransAR.app; sourceTree = BUILT_PRODUCTS_DIR; };
		CE83F7842B8611E200FE2BC5 /* AppDelegate.swift */ = {isa = PBXFileReference; lastKnownFileType = sourcecode.swift; path = AppDelegate.swift; sourceTree = "<group>"; };
		CE83F7882B8611E200FE2BC5 /* ARSCNViewController.swift */ = {isa = PBXFileReference; lastKnownFileType = sourcecode.swift; path = ARSCNViewController.swift; sourceTree = "<group>"; };
		CE83F78B2B8611E200FE2BC5 /* Base */ = {isa = PBXFileReference; lastKnownFileType = file.storyboard; name = Base; path = Base.lproj/Main.storyboard; sourceTree = "<group>"; };
		CE83F78D2B8611E400FE2BC5 /* Assets.xcassets */ = {isa = PBXFileReference; lastKnownFileType = folder.assetcatalog; path = Assets.xcassets; sourceTree = "<group>"; };
		CE83F7902B8611E400FE2BC5 /* Base */ = {isa = PBXFileReference; lastKnownFileType = file.storyboard; name = Base; path = Base.lproj/LaunchScreen.storyboard; sourceTree = "<group>"; };
		CED055102B8B167300021D2C /* ARSCNViewModel.swift */ = {isa = PBXFileReference; lastKnownFileType = sourcecode.swift; path = ARSCNViewModel.swift; sourceTree = "<group>"; };
		CED055122B8B16C400021D2C /* DataModel.swift */ = {isa = PBXFileReference; lastKnownFileType = sourcecode.swift; path = DataModel.swift; sourceTree = "<group>"; };
		CED0551A2B8B308600021D2C /* TileCollectionViewCell.swift */ = {isa = PBXFileReference; lastKnownFileType = sourcecode.swift; path = TileCollectionViewCell.swift; sourceTree = "<group>"; };
		CED0551E2B8B56A500021D2C /* ARCollectionList.swift */ = {isa = PBXFileReference; lastKnownFileType = sourcecode.swift; path = ARCollectionList.swift; sourceTree = "<group>"; };
		FB3F31792BC0503800860087 /* Info.plist */ = {isa = PBXFileReference; lastKnownFileType = text.plist; path = Info.plist; sourceTree = "<group>"; };
		FB49A6C42BB94A0000FDF60F /* butterfly.png */ = {isa = PBXFileReference; lastKnownFileType = image.png; path = butterfly.png; sourceTree = "<group>"; };
		FBA2BD6C2B949EAB00C1AC98 /* BaseARViewController.swift */ = {isa = PBXFileReference; lastKnownFileType = sourcecode.swift; path = BaseARViewController.swift; sourceTree = "<group>"; };
/* End PBXFileReference section */

/* Begin PBXFrameworksBuildPhase section */
		CE83F77E2B8611E200FE2BC5 /* Frameworks */ = {
			isa = PBXFrameworksBuildPhase;
			buildActionMask = 2147483647;
			files = (
			);
			runOnlyForDeploymentPostprocessing = 0;
		};
/* End PBXFrameworksBuildPhase section */

/* Begin PBXGroup section */
		CE83F7782B8611E200FE2BC5 = {
			isa = PBXGroup;
			children = (
				CE83F7832B8611E200FE2BC5 /* MidigiTransAR */,
				CE83F7822B8611E200FE2BC5 /* Products */,
			);
			sourceTree = "<group>";
		};
		CE83F7822B8611E200FE2BC5 /* Products */ = {
			isa = PBXGroup;
			children = (
				CE83F7812B8611E200FE2BC5 /* MidigiTransAR.app */,
			);
			name = Products;
			sourceTree = "<group>";
		};
		CE83F7832B8611E200FE2BC5 /* MidigiTransAR */ = {
			isa = PBXGroup;
			children = (
				FB3F31792BC0503800860087 /* Info.plist */,
				FB49A6C42BB94A0000FDF60F /* butterfly.png */,
				CE83F7842B8611E200FE2BC5 /* AppDelegate.swift */,
				CE83F78D2B8611E400FE2BC5 /* Assets.xcassets */,
				CED055142B8B16E200021D2C /* Storyboard */,
				CED0550F2B8B161D00021D2C /* ViewModel */,
				CED0550E2B8B160E00021D2C /* Model */,
				CED055172B8B303600021D2C /* cell */,
				CED0550D2B8B15FC00021D2C /* VC */,
			);
			path = MidigiTransAR;
			sourceTree = "<group>";
		};
		CED0550D2B8B15FC00021D2C /* VC */ = {
			isa = PBXGroup;
			children = (
				CE83F7882B8611E200FE2BC5 /* ARSCNViewController.swift */,
				CED0551E2B8B56A500021D2C /* ARCollectionList.swift */,
				FBA2BD6C2B949EAB00C1AC98 /* BaseARViewController.swift */,
			);
			path = VC;
			sourceTree = "<group>";
		};
		CED0550E2B8B160E00021D2C /* Model */ = {
			isa = PBXGroup;
			children = (
				CED055122B8B16C400021D2C /* DataModel.swift */,
			);
			path = Model;
			sourceTree = "<group>";
		};
		CED0550F2B8B161D00021D2C /* ViewModel */ = {
			isa = PBXGroup;
			children = (
				CED055102B8B167300021D2C /* ARSCNViewModel.swift */,
			);
			path = ViewModel;
			sourceTree = "<group>";
		};
		CED055142B8B16E200021D2C /* Storyboard */ = {
			isa = PBXGroup;
			children = (
				CE83F78A2B8611E200FE2BC5 /* Main.storyboard */,
				CE83F78F2B8611E400FE2BC5 /* LaunchScreen.storyboard */,
			);
			path = Storyboard;
			sourceTree = "<group>";
		};
		CED055172B8B303600021D2C /* cell */ = {
			isa = PBXGroup;
			children = (
				CED0551A2B8B308600021D2C /* TileCollectionViewCell.swift */,
			);
			path = cell;
			sourceTree = "<group>";
		};
/* End PBXGroup section */

/* Begin PBXNativeTarget section */
		CE83F7802B8611E200FE2BC5 /* MidigiTransAR */ = {
			isa = PBXNativeTarget;
			buildConfigurationList = CE83F7942B8611E400FE2BC5 /* Build configuration list for PBXNativeTarget "MidigiTransAR" */;
			buildPhases = (
				CE83F77D2B8611E200FE2BC5 /* Sources */,
				CE83F77E2B8611E200FE2BC5 /* Frameworks */,
				CE83F77F2B8611E200FE2BC5 /* Resources */,
			);
			buildRules = (
			);
			dependencies = (
			);
			name = MidigiTransAR;
			productName = MidigiTransAR;
			productReference = CE83F7812B8611E200FE2BC5 /* MidigiTransAR.app */;
			productType = "com.apple.product-type.application";
		};
/* End PBXNativeTarget section */

/* Begin PBXProject section */
		CE83F7792B8611E200FE2BC5 /* Project object */ = {
			isa = PBXProject;
			attributes = {
				BuildIndependentTargetsInParallel = 1;
				LastSwiftUpdateCheck = 1500;
				LastUpgradeCheck = 1500;
				TargetAttributes = {
					CE83F7802B8611E200FE2BC5 = {
						CreatedOnToolsVersion = 15.0.1;
					};
				};
			};
			buildConfigurationList = CE83F77C2B8611E200FE2BC5 /* Build configuration list for PBXProject "MidigiTransAR" */;
			compatibilityVersion = "Xcode 14.0";
			developmentRegion = en;
			hasScannedForEncodings = 0;
			knownRegions = (
				en,
				Base,
			);
			mainGroup = CE83F7782B8611E200FE2BC5;
			productRefGroup = CE83F7822B8611E200FE2BC5 /* Products */;
			projectDirPath = "";
			projectRoot = "";
			targets = (
				CE83F7802B8611E200FE2BC5 /* MidigiTransAR */,
			);
		};
/* End PBXProject section */

/* Begin PBXResourcesBuildPhase section */
		CE83F77F2B8611E200FE2BC5 /* Resources */ = {
			isa = PBXResourcesBuildPhase;
			buildActionMask = 2147483647;
			files = (
				CE83F7912B8611E400FE2BC5 /* LaunchScreen.storyboard in Resources */,
				FB49A6C52BB94A0000FDF60F /* butterfly.png in Resources */,
				CE83F78E2B8611E400FE2BC5 /* Assets.xcassets in Resources */,
				CE83F78C2B8611E200FE2BC5 /* Main.storyboard in Resources */,
			);
			runOnlyForDeploymentPostprocessing = 0;
		};
/* End PBXResourcesBuildPhase section */

/* Begin PBXSourcesBuildPhase section */
		CE83F77D2B8611E200FE2BC5 /* Sources */ = {
			isa = PBXSourcesBuildPhase;
			buildActionMask = 2147483647;
			files = (
				CE83F7892B8611E200FE2BC5 /* ARSCNViewController.swift in Sources */,
				FBA2BD6D2B949EAB00C1AC98 /* BaseARViewController.swift in Sources */,
				CED055132B8B16C400021D2C /* DataModel.swift in Sources */,
				CE83F7852B8611E200FE2BC5 /* AppDelegate.swift in Sources */,
				CED0551F2B8B56A500021D2C /* ARCollectionList.swift in Sources */,
				CED055112B8B167300021D2C /* ARSCNViewModel.swift in Sources */,
				CED0551B2B8B308600021D2C /* TileCollectionViewCell.swift in Sources */,
			);
			runOnlyForDeploymentPostprocessing = 0;
		};
/* End PBXSourcesBuildPhase section */

/* Begin PBXVariantGroup section */
		CE83F78A2B8611E200FE2BC5 /* Main.storyboard */ = {
			isa = PBXVariantGroup;
			children = (
				CE83F78B2B8611E200FE2BC5 /* Base */,
			);
			name = Main.storyboard;
			sourceTree = "<group>";
		};
		CE83F78F2B8611E400FE2BC5 /* LaunchScreen.storyboard */ = {
			isa = PBXVariantGroup;
			children = (
				CE83F7902B8611E400FE2BC5 /* Base */,
			);
			name = LaunchScreen.storyboard;
			sourceTree = "<group>";
		};
/* End PBXVariantGroup section */

/* Begin XCBuildConfiguration section */
		CE83F7922B8611E400FE2BC5 /* Debug */ = {
			isa = XCBuildConfiguration;
			buildSettings = {
				ALWAYS_SEARCH_USER_PATHS = NO;
				ASSETCATALOG_COMPILER_GENERATE_SWIFT_ASSET_SYMBOL_EXTENSIONS = YES;
				CLANG_ANALYZER_NONNULL = YES;
				CLANG_ANALYZER_NUMBER_OBJECT_CONVERSION = YES_AGGRESSIVE;
				CLANG_CXX_LANGUAGE_STANDARD = "gnu++20";
				CLANG_ENABLE_MODULES = YES;
				CLANG_ENABLE_OBJC_ARC = YES;
				CLANG_ENABLE_OBJC_WEAK = YES;
				CLANG_WARN_BLOCK_CAPTURE_AUTORELEASING = YES;
				CLANG_WARN_BOOL_CONVERSION = YES;
				CLANG_WARN_COMMA = YES;
				CLANG_WARN_CONSTANT_CONVERSION = YES;
				CLANG_WARN_DEPRECATED_OBJC_IMPLEMENTATIONS = YES;
				CLANG_WARN_DIRECT_OBJC_ISA_USAGE = YES_ERROR;
				CLANG_WARN_DOCUMENTATION_COMMENTS = YES;
				CLANG_WARN_EMPTY_BODY = YES;
				CLANG_WARN_ENUM_CONVERSION = YES;
				CLANG_WARN_INFINITE_RECURSION = YES;
				CLANG_WARN_INT_CONVERSION = YES;
				CLANG_WARN_NON_LITERAL_NULL_CONVERSION = YES;
				CLANG_WARN_OBJC_IMPLICIT_RETAIN_SELF = YES;
				CLANG_WARN_OBJC_LITERAL_CONVERSION = YES;
				CLANG_WARN_OBJC_ROOT_CLASS = YES_ERROR;
				CLANG_WARN_QUOTED_INCLUDE_IN_FRAMEWORK_HEADER = YES;
				CLANG_WARN_RANGE_LOOP_ANALYSIS = YES;
				CLANG_WARN_STRICT_PROTOTYPES = YES;
				CLANG_WARN_SUSPICIOUS_MOVE = YES;
				CLANG_WARN_UNGUARDED_AVAILABILITY = YES_AGGRESSIVE;
				CLANG_WARN_UNREACHABLE_CODE = YES;
				CLANG_WARN__DUPLICATE_METHOD_MATCH = YES;
				COPY_PHASE_STRIP = NO;
				DEBUG_INFORMATION_FORMAT = dwarf;
				ENABLE_STRICT_OBJC_MSGSEND = YES;
				ENABLE_TESTABILITY = YES;
				ENABLE_USER_SCRIPT_SANDBOXING = YES;
				GCC_C_LANGUAGE_STANDARD = gnu17;
				GCC_DYNAMIC_NO_PIC = NO;
				GCC_NO_COMMON_BLOCKS = YES;
				GCC_OPTIMIZATION_LEVEL = 0;
				GCC_PREPROCESSOR_DEFINITIONS = (
					"DEBUG=1",
					"$(inherited)",
				);
				GCC_WARN_64_TO_32_BIT_CONVERSION = YES;
				GCC_WARN_ABOUT_RETURN_TYPE = YES_ERROR;
				GCC_WARN_UNDECLARED_SELECTOR = YES;
				GCC_WARN_UNINITIALIZED_AUTOS = YES_AGGRESSIVE;
				GCC_WARN_UNUSED_FUNCTION = YES;
				GCC_WARN_UNUSED_VARIABLE = YES;
				IPHONEOS_DEPLOYMENT_TARGET = 17.0;
				LOCALIZATION_PREFERS_STRING_CATALOGS = YES;
				MTL_ENABLE_DEBUG_INFO = INCLUDE_SOURCE;
				MTL_FAST_MATH = YES;
				ONLY_ACTIVE_ARCH = YES;
				SDKROOT = iphoneos;
				SWIFT_ACTIVE_COMPILATION_CONDITIONS = "DEBUG $(inherited)";
				SWIFT_OPTIMIZATION_LEVEL = "-Onone";
			};
			name = Debug;
		};
		CE83F7932B8611E400FE2BC5 /* Release */ = {
			isa = XCBuildConfiguration;
			buildSettings = {
				ALWAYS_SEARCH_USER_PATHS = NO;
				ASSETCATALOG_COMPILER_GENERATE_SWIFT_ASSET_SYMBOL_EXTENSIONS = YES;
				CLANG_ANALYZER_NONNULL = YES;
				CLANG_ANALYZER_NUMBER_OBJECT_CONVERSION = YES_AGGRESSIVE;
				CLANG_CXX_LANGUAGE_STANDARD = "gnu++20";
				CLANG_ENABLE_MODULES = YES;
				CLANG_ENABLE_OBJC_ARC = YES;
				CLANG_ENABLE_OBJC_WEAK = YES;
				CLANG_WARN_BLOCK_CAPTURE_AUTORELEASING = YES;
				CLANG_WARN_BOOL_CONVERSION = YES;
				CLANG_WARN_COMMA = YES;
				CLANG_WARN_CONSTANT_CONVERSION = YES;
				CLANG_WARN_DEPRECATED_OBJC_IMPLEMENTATIONS = YES;
				CLANG_WARN_DIRECT_OBJC_ISA_USAGE = YES_ERROR;
				CLANG_WARN_DOCUMENTATION_COMMENTS = YES;
				CLANG_WARN_EMPTY_BODY = YES;
				CLANG_WARN_ENUM_CONVERSION = YES;
				CLANG_WARN_INFINITE_RECURSION = YES;
				CLANG_WARN_INT_CONVERSION = YES;
				CLANG_WARN_NON_LITERAL_NULL_CONVERSION = YES;
				CLANG_WARN_OBJC_IMPLICIT_RETAIN_SELF = YES;
				CLANG_WARN_OBJC_LITERAL_CONVERSION = YES;
				CLANG_WARN_OBJC_ROOT_CLASS = YES_ERROR;
				CLANG_WARN_QUOTED_INCLUDE_IN_FRAMEWORK_HEADER = YES;
				CLANG_WARN_RANGE_LOOP_ANALYSIS = YES;
				CLANG_WARN_STRICT_PROTOTYPES = YES;
				CLANG_WARN_SUSPICIOUS_MOVE = YES;
				CLANG_WARN_UNGUARDED_AVAILABILITY = YES_AGGRESSIVE;
				CLANG_WARN_UNREACHABLE_CODE = YES;
				CLANG_WARN__DUPLICATE_METHOD_MATCH = YES;
				COPY_PHASE_STRIP = NO;
				DEBUG_INFORMATION_FORMAT = "dwarf-with-dsym";
				ENABLE_NS_ASSERTIONS = NO;
				ENABLE_STRICT_OBJC_MSGSEND = YES;
				ENABLE_USER_SCRIPT_SANDBOXING = YES;
				GCC_C_LANGUAGE_STANDARD = gnu17;
				GCC_NO_COMMON_BLOCKS = YES;
				GCC_WARN_64_TO_32_BIT_CONVERSION = YES;
				GCC_WARN_ABOUT_RETURN_TYPE = YES_ERROR;
				GCC_WARN_UNDECLARED_SELECTOR = YES;
				GCC_WARN_UNINITIALIZED_AUTOS = YES_AGGRESSIVE;
				GCC_WARN_UNUSED_FUNCTION = YES;
				GCC_WARN_UNUSED_VARIABLE = YES;
				IPHONEOS_DEPLOYMENT_TARGET = 17.0;
				LOCALIZATION_PREFERS_STRING_CATALOGS = YES;
				MTL_ENABLE_DEBUG_INFO = NO;
				MTL_FAST_MATH = YES;
				SDKROOT = iphoneos;
				SWIFT_COMPILATION_MODE = wholemodule;
				VALIDATE_PRODUCT = YES;
			};
			name = Release;
		};
		CE83F7952B8611E400FE2BC5 /* Debug */ = {
			isa = XCBuildConfiguration;
			buildSettings = {
				ASSETCATALOG_COMPILER_APPICON_NAME = AppIcon;
				ASSETCATALOG_COMPILER_GLOBAL_ACCENT_COLOR_NAME = AccentColor;
				"CODE_SIGN_IDENTITY[sdk=iphoneos*]" = "iPhone Developer";
				CODE_SIGN_STYLE = Manual;
				CURRENT_PROJECT_VERSION = 1;
				DEVELOPMENT_TEAM = "";
				"DEVELOPMENT_TEAM[sdk=iphoneos*]" = BW53JAKG2H;
				GENERATE_INFOPLIST_FILE = YES;
				INFOPLIST_FILE = MidigiTransAR/Info.plist;
				INFOPLIST_KEY_NSCameraUsageDescription = "";
				INFOPLIST_KEY_NSPhotoLibraryUsageDescription = "We need access to your photo library to select photos.";
				INFOPLIST_KEY_UIApplicationSupportsIndirectInputEvents = YES;
				INFOPLIST_KEY_UILaunchStoryboardName = LaunchScreen;
				INFOPLIST_KEY_UIMainStoryboardFile = Main;
				INFOPLIST_KEY_UIRequiredDeviceCapabilities = arkit;
				INFOPLIST_KEY_UIStatusBarHidden = YES;
				INFOPLIST_KEY_UISupportedInterfaceOrientations = "UIInterfaceOrientationLandscapeLeft UIInterfaceOrientationLandscapeRight UIInterfaceOrientationPortrait UIInterfaceOrientationPortraitUpsideDown";
				IPHONEOS_DEPLOYMENT_TARGET = 16.0;
				LD_RUNPATH_SEARCH_PATHS = (
					"$(inherited)",
					"@executable_path/Frameworks",
				);
				MARKETING_VERSION = 1.0;
				PRODUCT_BUNDLE_IDENTIFIER = com.lirisoft.scanner1;
				PRODUCT_NAME = "$(TARGET_NAME)";
				PROVISIONING_PROFILE_SPECIFIER = "";
				"PROVISIONING_PROFILE_SPECIFIER[sdk=iphoneos*]" = "Lirisoft Scanner Dev";
				SUPPORTED_PLATFORMS = "iphoneos iphonesimulator";
				SUPPORTS_MACCATALYST = NO;
				SUPPORTS_MAC_DESIGNED_FOR_IPHONE_IPAD = NO;
				SWIFT_EMIT_LOC_STRINGS = YES;
				SWIFT_VERSION = 5.0;
				TARGETED_DEVICE_FAMILY = "1,2";
			};
			name = Debug;
		};
		CE83F7962B8611E400FE2BC5 /* Release */ = {
			isa = XCBuildConfiguration;
			buildSettings = {
				ASSETCATALOG_COMPILER_APPICON_NAME = AppIcon;
				ASSETCATALOG_COMPILER_GLOBAL_ACCENT_COLOR_NAME = AccentColor;
				"CODE_SIGN_IDENTITY[sdk=iphoneos*]" = "iPhone Developer";
				CODE_SIGN_STYLE = Manual;
				CURRENT_PROJECT_VERSION = 1;
				DEVELOPMENT_TEAM = "";
				"DEVELOPMENT_TEAM[sdk=iphoneos*]" = BW53JAKG2H;
				GENERATE_INFOPLIST_FILE = YES;
				INFOPLIST_FILE = MidigiTransAR/Info.plist;
				INFOPLIST_KEY_NSCameraUsageDescription = "";
				INFOPLIST_KEY_NSPhotoLibraryUsageDescription = "We need access to your photo library to select photos.";
				INFOPLIST_KEY_UIApplicationSupportsIndirectInputEvents = YES;
				INFOPLIST_KEY_UILaunchStoryboardName = LaunchScreen;
				INFOPLIST_KEY_UIMainStoryboardFile = Main;
				INFOPLIST_KEY_UIRequiredDeviceCapabilities = arkit;
				INFOPLIST_KEY_UIStatusBarHidden = YES;
				INFOPLIST_KEY_UISupportedInterfaceOrientations = "UIInterfaceOrientationLandscapeLeft UIInterfaceOrientationLandscapeRight UIInterfaceOrientationPortrait UIInterfaceOrientationPortraitUpsideDown";
				IPHONEOS_DEPLOYMENT_TARGET = 16.0;
				LD_RUNPATH_SEARCH_PATHS = (
					"$(inherited)",
					"@executable_path/Frameworks",
				);
				MARKETING_VERSION = 1.0;
				PRODUCT_BUNDLE_IDENTIFIER = com.lirisoft.scanner1;
				PRODUCT_NAME = "$(TARGET_NAME)";
				PROVISIONING_PROFILE_SPECIFIER = "";
				"PROVISIONING_PROFILE_SPECIFIER[sdk=iphoneos*]" = "Lirisoft Scanner Dev";
				SUPPORTED_PLATFORMS = "iphoneos iphonesimulator";
				SUPPORTS_MACCATALYST = NO;
				SUPPORTS_MAC_DESIGNED_FOR_IPHONE_IPAD = NO;
				SWIFT_EMIT_LOC_STRINGS = YES;
				SWIFT_VERSION = 5.0;
				TARGETED_DEVICE_FAMILY = "1,2";
			};
			name = Release;
		};
/* End XCBuildConfiguration section */

/* Begin XCConfigurationList section */
		CE83F77C2B8611E200FE2BC5 /* Build configuration list for PBXProject "MidigiTransAR" */ = {
			isa = XCConfigurationList;
			buildConfigurations = (
				CE83F7922B8611E400FE2BC5 /* Debug */,
				CE83F7932B8611E400FE2BC5 /* Release */,
			);
			defaultConfigurationIsVisible = 0;
			defaultConfigurationName = Release;
		};
		CE83F7942B8611E400FE2BC5 /* Build configuration list for PBXNativeTarget "MidigiTransAR" */ = {
			isa = XCConfigurationList;
			buildConfigurations = (
				CE83F7952B8611E400FE2BC5 /* Debug */,
				CE83F7962B8611E400FE2BC5 /* Release */,
			);
			defaultConfigurationIsVisible = 0;
			defaultConfigurationName = Release;
		};
/* End XCConfigurationList section */
	};
	rootObject = CE83F7792B8611E200FE2BC5 /* Project object */;
}
